
Microsoft Visual Studio Solution File, Format Version 12.00
# Visual Studio Version 17
VisualStudioVersion = 17.14.35821.62 d17.14
MinimumVisualStudioVersion = 10.0.40219.1
Project("{FAE04EC0-301F-11D3-BF4B-00C04F79EFBC}") = "pozitif-negatif", "pozitif-negatif\pozitif-negatif.csproj", "{FB7C4A31-2EDE-4263-9B83-83D948D47CE7}"
EndProject
Global
	GlobalSection(SolutionConfigurationPlatforms) = preSolution
		Debug|Any CPU = Debug|Any CPU
		Release|Any CPU = Release|Any CPU
	EndGlobalSection
	GlobalSection(ProjectConfigurationPlatforms) = postSolution
		{FB7C4A31-2EDE-4263-9B83-83D948D47CE7}.Debug|Any CPU.ActiveCfg = Debug|Any CPU
		{FB7C4A31-2EDE-4263-9B83-83D948D47CE7}.Debug|Any CPU.Build.0 = Debug|Any CPU
		{FB7C4A31-2EDE-4263-9B83-83D948D47CE7}.Release|Any CPU.ActiveCfg = Release|Any CPU
		{FB7C4A31-2EDE-4263-9B83-83D948D47CE7}.Release|Any CPU.Build.0 = Release|Any CPU
	EndGlobalSection
	GlobalSection(SolutionProperties) = preSolution
		HideSolutionNode = FALSE
	EndGlobalSection
	GlobalSection(ExtensibilityGlobals) = postSolution
		SolutionGuid = {69969457-A8E2-44D0-A29E-6E3BC3CD3615}
	EndGlobalSection
EndGlobal
