
Microsoft Visual Studio Solution File, Format Version 12.00
# Visual Studio Version 17
VisualStudioVersion = 17.14.35821.62 d17.14
MinimumVisualStudioVersion = 10.0.40219.1
Project("{FAE04EC0-301F-11D3-BF4B-00C04F79EFBC}") = "enbuyuk-dizi", "enbuyuk-dizi\enbuyuk-dizi.csproj", "{19CD0218-D73B-4D9C-A97E-5AE3D4A46AA5}"
EndProject
Global
	GlobalSection(SolutionConfigurationPlatforms) = preSolution
		Debug|Any CPU = Debug|Any CPU
		Release|Any CPU = Release|Any CPU
	EndGlobalSection
	GlobalSection(ProjectConfigurationPlatforms) = postSolution
		{19CD0218-D73B-4D9C-A97E-5AE3D4A46AA5}.Debug|Any CPU.ActiveCfg = Debug|Any CPU
		{19CD0218-D73B-4D9C-A97E-5AE3D4A46AA5}.Debug|Any CPU.Build.0 = Debug|Any CPU
		{19CD0218-D73B-4D9C-A97E-5AE3D4A46AA5}.Release|Any CPU.ActiveCfg = Release|Any CPU
		{19CD0218-D73B-4D9C-A97E-5AE3D4A46AA5}.Release|Any CPU.Build.0 = Release|Any CPU
	EndGlobalSection
	GlobalSection(SolutionProperties) = preSolution
		HideSolutionNode = FALSE
	EndGlobalSection
	GlobalSection(ExtensibilityGlobals) = postSolution
		SolutionGuid = {DB8BD780-EEBC-4B8E-A15A-C60622A242AA}
	EndGlobalSection
EndGlobal
