
Microsoft Visual Studio Solution File, Format Version 12.00
# Visual Studio Version 17
VisualStudioVersion = 17.14.35821.62 d17.14
MinimumVisualStudioVersion = 10.0.40219.1
Project("{FAE04EC0-301F-11D3-BF4B-00C04F79EFBC}") = "kullanici", "kullanici\kullanici.csproj", "{AAC13C5E-60CD-4087-AFDC-1A83662B97D3}"
EndProject
Global
	GlobalSection(SolutionConfigurationPlatforms) = preSolution
		Debug|Any CPU = Debug|Any CPU
		Release|Any CPU = Release|Any CPU
	EndGlobalSection
	GlobalSection(ProjectConfigurationPlatforms) = postSolution
		{AAC13C5E-60CD-4087-AFDC-1A83662B97D3}.Debug|Any CPU.ActiveCfg = Debug|Any CPU
		{AAC13C5E-60CD-4087-AFDC-1A83662B97D3}.Debug|Any CPU.Build.0 = Debug|Any CPU
		{AAC13C5E-60CD-4087-AFDC-1A83662B97D3}.Release|Any CPU.ActiveCfg = Release|Any CPU
		{AAC13C5E-60CD-4087-AFDC-1A83662B97D3}.Release|Any CPU.Build.0 = Release|Any CPU
	EndGlobalSection
	GlobalSection(SolutionProperties) = preSolution
		HideSolutionNode = FALSE
	EndGlobalSection
	GlobalSection(ExtensibilityGlobals) = postSolution
		SolutionGuid = {C958D22D-6804-4E0A-8F43-A227AC5F8353}
	EndGlobalSection
EndGlobal
