
Microsoft Visual Studio Solution File, Format Version 12.00
# Visual Studio Version 17
VisualStudioVersion = 17.14.35821.62 d17.14
MinimumVisualStudioVersion = 10.0.40219.1
Project("{FAE04EC0-301F-11D3-BF4B-00C04F79EFBC}") = "calisan-sinif", "calisan-sinif\calisan-sinif.csproj", "{7C303B80-9577-422B-B3CA-44627031EA88}"
EndProject
Global
	GlobalSection(SolutionConfigurationPlatforms) = preSolution
		Debug|Any CPU = Debug|Any CPU
		Release|Any CPU = Release|Any CPU
	EndGlobalSection
	GlobalSection(ProjectConfigurationPlatforms) = postSolution
		{7C303B80-9577-422B-B3CA-44627031EA88}.Debug|Any CPU.ActiveCfg = Debug|Any CPU
		{7C303B80-9577-422B-B3CA-44627031EA88}.Debug|Any CPU.Build.0 = Debug|Any CPU
		{7C303B80-9577-422B-B3CA-44627031EA88}.Release|Any CPU.ActiveCfg = Release|Any CPU
		{7C303B80-9577-422B-B3CA-44627031EA88}.Release|Any CPU.Build.0 = Release|Any CPU
	EndGlobalSection
	GlobalSection(SolutionProperties) = preSolution
		HideSolutionNode = FALSE
	EndGlobalSection
	GlobalSection(ExtensibilityGlobals) = postSolution
		SolutionGuid = {D7DEAE5C-1DDE-4984-BB11-A6CFEC9C35BE}
	EndGlobalSection
EndGlobal
